// !$*UTF8*$!
{
	archiveVersion = 1;
	classes = {
	};
	objectVersion = 50;
	objects = {

/* Begin PBXBuildFile section */
		293BC28BC2784C51D1D5E6BA /* Pods_HackMxTests.framework in Frameworks */ = {isa = PBXBuildFile; fileRef = AC32746E62BE2B49A70C80E2 /* Pods_HackMxTests.framework */; };
		714703477E1CAF7E258F4C86 /* Pods_HackMx.framework in Frameworks */ = {isa = PBXBuildFile; fileRef = 5E2BD8AB8C48A0740EF63176 /* Pods_HackMx.framework */; };
		E5F554A62274B1EF00A70CF6 /* AppDelegate.swift in Sources */ = {isa = PBXBuildFile; fileRef = E5F554A52274B1EF00A70CF6 /* AppDelegate.swift */; };
		E5F554A82274B1EF00A70CF6 /* ViewController.swift in Sources */ = {isa = PBXBuildFile; fileRef = E5F554A72274B1EF00A70CF6 /* ViewController.swift */; };
		E5F554AD2274B1F000A70CF6 /* Assets.xcassets in Resources */ = {isa = PBXBuildFile; fileRef = E5F554AC2274B1F000A70CF6 /* Assets.xcassets */; };
		E5F554B02274B1F000A70CF6 /* LaunchScreen.storyboard in Resources */ = {isa = PBXBuildFile; fileRef = E5F554AE2274B1F000A70CF6 /* LaunchScreen.storyboard */; };
		E5F554BB2274B1F100A70CF6 /* HackMxTests.swift in Sources */ = {isa = PBXBuildFile; fileRef = E5F554BA2274B1F100A70CF6 /* HackMxTests.swift */; };
		E5F554C62274B1F100A70CF6 /* HackMxUITests.swift in Sources */ = {isa = PBXBuildFile; fileRef = E5F554C52274B1F100A70CF6 /* HackMxUITests.swift */; };
		E5F554D42274BCA400A70CF6 /* GoogleService-Info.plist in Resources */ = {isa = PBXBuildFile; fileRef = E5F554D32274BCA400A70CF6 /* GoogleService-Info.plist */; };
		E5F554D92274C23E00A70CF6 /* Main.storyboard in Resources */ = {isa = PBXBuildFile; fileRef = E5F554D72274C23D00A70CF6 /* Main.storyboard */; };
		E5F554DB2274E46E00A70CF6 /* shaders.metal in Sources */ = {isa = PBXBuildFile; fileRef = E5F554DA2274E46E00A70CF6 /* shaders.metal */; };
		E5F554DF2274F48E00A70CF6 /* SCNGeometry+Extensions.swift in Sources */ = {isa = PBXBuildFile; fileRef = E5F554DC2274F48D00A70CF6 /* SCNGeometry+Extensions.swift */; };
		E5F554E02274F48E00A70CF6 /* SCNPathNode.swift in Sources */ = {isa = PBXBuildFile; fileRef = E5F554DD2274F48D00A70CF6 /* SCNPathNode.swift */; };
		E5F554E12274F48E00A70CF6 /* SCNVector3+Extensions.swift in Sources */ = {isa = PBXBuildFile; fileRef = E5F554DE2274F48E00A70CF6 /* SCNVector3+Extensions.swift */; };
		F986E01AAE7AFA458D49F6F5 /* Pods_HackMxUITests.framework in Frameworks */ = {isa = PBXBuildFile; fileRef = 06F95A17BE818919455818CC /* Pods_HackMxUITests.framework */; };
/* End PBXBuildFile section */

/* Begin PBXContainerItemProxy section */
		E5F554B72274B1F100A70CF6 /* PBXContainerItemProxy */ = {
			isa = PBXContainerItemProxy;
			containerPortal = E5F5549A2274B1EF00A70CF6 /* Project object */;
			proxyType = 1;
			remoteGlobalIDString = E5F554A12274B1EF00A70CF6;
			remoteInfo = HackMx;
		};
		E5F554C22274B1F100A70CF6 /* PBXContainerItemProxy */ = {
			isa = PBXContainerItemProxy;
			containerPortal = E5F5549A2274B1EF00A70CF6 /* Project object */;
			proxyType = 1;
			remoteGlobalIDString = E5F554A12274B1EF00A70CF6;
			remoteInfo = HackMx;
		};
/* End PBXContainerItemProxy section */

/* Begin PBXFileReference section */
		06F95A17BE818919455818CC /* Pods_HackMxUITests.framework */ = {isa = PBXFileReference; explicitFileType = wrapper.framework; includeInIndex = 0; path = Pods_HackMxUITests.framework; sourceTree = BUILT_PRODUCTS_DIR; };
		5E2BD8AB8C48A0740EF63176 /* Pods_HackMx.framework */ = {isa = PBXFileReference; explicitFileType = wrapper.framework; includeInIndex = 0; path = Pods_HackMx.framework; sourceTree = BUILT_PRODUCTS_DIR; };
		6196AA7009368A477E08B1E2 /* Pods-HackMx.debug.xcconfig */ = {isa = PBXFileReference; includeInIndex = 1; lastKnownFileType = text.xcconfig; name = "Pods-HackMx.debug.xcconfig"; path = "Target Support Files/Pods-HackMx/Pods-HackMx.debug.xcconfig"; sourceTree = "<group>"; };
		70B8A2D45D6CE12B57BB961B /* Pods-HackMxTests.release.xcconfig */ = {isa = PBXFileReference; includeInIndex = 1; lastKnownFileType = text.xcconfig; name = "Pods-HackMxTests.release.xcconfig"; path = "Target Support Files/Pods-HackMxTests/Pods-HackMxTests.release.xcconfig"; sourceTree = "<group>"; };
		8708B1638843CE57A1864262 /* Pods-HackMxUITests.debug.xcconfig */ = {isa = PBXFileReference; includeInIndex = 1; lastKnownFileType = text.xcconfig; name = "Pods-HackMxUITests.debug.xcconfig"; path = "Target Support Files/Pods-HackMxUITests/Pods-HackMxUITests.debug.xcconfig"; sourceTree = "<group>"; };
		8C0D16D33C89C6EE44871D47 /* Pods-HackMx.release.xcconfig */ = {isa = PBXFileReference; includeInIndex = 1; lastKnownFileType = text.xcconfig; name = "Pods-HackMx.release.xcconfig"; path = "Target Support Files/Pods-HackMx/Pods-HackMx.release.xcconfig"; sourceTree = "<group>"; };
		A902D6F67845688F21C9EB8E /* Pods-HackMxTests.debug.xcconfig */ = {isa = PBXFileReference; includeInIndex = 1; lastKnownFileType = text.xcconfig; name = "Pods-HackMxTests.debug.xcconfig"; path = "Target Support Files/Pods-HackMxTests/Pods-HackMxTests.debug.xcconfig"; sourceTree = "<group>"; };
		AC32746E62BE2B49A70C80E2 /* Pods_HackMxTests.framework */ = {isa = PBXFileReference; explicitFileType = wrapper.framework; includeInIndex = 0; path = Pods_HackMxTests.framework; sourceTree = BUILT_PRODUCTS_DIR; };
		E43F5ADE219024078BF07BE1 /* Pods-HackMxUITests.release.xcconfig */ = {isa = PBXFileReference; includeInIndex = 1; lastKnownFileType = text.xcconfig; name = "Pods-HackMxUITests.release.xcconfig"; path = "Target Support Files/Pods-HackMxUITests/Pods-HackMxUITests.release.xcconfig"; sourceTree = "<group>"; };
		E5F554A22274B1EF00A70CF6 /* HackMx.app */ = {isa = PBXFileReference; explicitFileType = wrapper.application; includeInIndex = 0; path = HackMx.app; sourceTree = BUILT_PRODUCTS_DIR; };
		E5F554A52274B1EF00A70CF6 /* AppDelegate.swift */ = {isa = PBXFileReference; lastKnownFileType = sourcecode.swift; path = AppDelegate.swift; sourceTree = "<group>"; };
		E5F554A72274B1EF00A70CF6 /* ViewController.swift */ = {isa = PBXFileReference; lastKnownFileType = sourcecode.swift; path = ViewController.swift; sourceTree = "<group>"; };
		E5F554AC2274B1F000A70CF6 /* Assets.xcassets */ = {isa = PBXFileReference; lastKnownFileType = folder.assetcatalog; path = Assets.xcassets; sourceTree = "<group>"; };
		E5F554AF2274B1F000A70CF6 /* Base */ = {isa = PBXFileReference; lastKnownFileType = file.storyboard; name = Base; path = Base.lproj/LaunchScreen.storyboard; sourceTree = "<group>"; };
		E5F554B12274B1F000A70CF6 /* Info.plist */ = {isa = PBXFileReference; lastKnownFileType = text.plist.xml; path = Info.plist; sourceTree = "<group>"; };
		E5F554B62274B1F100A70CF6 /* HackMxTests.xctest */ = {isa = PBXFileReference; explicitFileType = wrapper.cfbundle; includeInIndex = 0; path = HackMxTests.xctest; sourceTree = BUILT_PRODUCTS_DIR; };
		E5F554BA2274B1F100A70CF6 /* HackMxTests.swift */ = {isa = PBXFileReference; lastKnownFileType = sourcecode.swift; path = HackMxTests.swift; sourceTree = "<group>"; };
		E5F554BC2274B1F100A70CF6 /* Info.plist */ = {isa = PBXFileReference; lastKnownFileType = text.plist.xml; path = Info.plist; sourceTree = "<group>"; };
		E5F554C12274B1F100A70CF6 /* HackMxUITests.xctest */ = {isa = PBXFileReference; explicitFileType = wrapper.cfbundle; includeInIndex = 0; path = HackMxUITests.xctest; sourceTree = BUILT_PRODUCTS_DIR; };
		E5F554C52274B1F100A70CF6 /* HackMxUITests.swift */ = {isa = PBXFileReference; lastKnownFileType = sourcecode.swift; path = HackMxUITests.swift; sourceTree = "<group>"; };
		E5F554C72274B1F100A70CF6 /* Info.plist */ = {isa = PBXFileReference; lastKnownFileType = text.plist.xml; path = Info.plist; sourceTree = "<group>"; };
		E5F554D32274BCA400A70CF6 /* GoogleService-Info.plist */ = {isa = PBXFileReference; fileEncoding = 4; lastKnownFileType = text.plist.xml; path = "GoogleService-Info.plist"; sourceTree = "<group>"; };
		E5F554D82274C23D00A70CF6 /* Base */ = {isa = PBXFileReference; lastKnownFileType = file.storyboard; name = Base; path = Base.lproj/Main.storyboard; sourceTree = "<group>"; };
		E5F554DA2274E46E00A70CF6 /* shaders.metal */ = {isa = PBXFileReference; fileEncoding = 4; lastKnownFileType = sourcecode.metal; path = shaders.metal; sourceTree = "<group>"; };
		E5F554DC2274F48D00A70CF6 /* SCNGeometry+Extensions.swift */ = {isa = PBXFileReference; fileEncoding = 4; lastKnownFileType = sourcecode.swift; path = "SCNGeometry+Extensions.swift"; sourceTree = "<group>"; };
		E5F554DD2274F48D00A70CF6 /* SCNPathNode.swift */ = {isa = PBXFileReference; fileEncoding = 4; lastKnownFileType = sourcecode.swift; path = SCNPathNode.swift; sourceTree = "<group>"; };
		E5F554DE2274F48E00A70CF6 /* SCNVector3+Extensions.swift */ = {isa = PBXFileReference; fileEncoding = 4; lastKnownFileType = sourcecode.swift; path = "SCNVector3+Extensions.swift"; sourceTree = "<group>"; };
/* End PBXFileReference section */

/* Begin PBXFrameworksBuildPhase section */
		E5F5549F2274B1EF00A70CF6 /* Frameworks */ = {
			isa = PBXFrameworksBuildPhase;
			buildActionMask = 2147483647;
			files = (
				714703477E1CAF7E258F4C86 /* Pods_HackMx.framework in Frameworks */,
			);
			runOnlyForDeploymentPostprocessing = 0;
		};
		E5F554B32274B1F100A70CF6 /* Frameworks */ = {
			isa = PBXFrameworksBuildPhase;
			buildActionMask = 2147483647;
			files = (
				293BC28BC2784C51D1D5E6BA /* Pods_HackMxTests.framework in Frameworks */,
			);
			runOnlyForDeploymentPostprocessing = 0;
		};
		E5F554BE2274B1F100A70CF6 /* Frameworks */ = {
			isa = PBXFrameworksBuildPhase;
			buildActionMask = 2147483647;
			files = (
				F986E01AAE7AFA458D49F6F5 /* Pods_HackMxUITests.framework in Frameworks */,
			);
			runOnlyForDeploymentPostprocessing = 0;
		};
/* End PBXFrameworksBuildPhase section */

/* Begin PBXGroup section */
		7FDCCEF84E48C38924DDA919 /* Pods */ = {
			isa = PBXGroup;
			children = (
				6196AA7009368A477E08B1E2 /* Pods-HackMx.debug.xcconfig */,
				8C0D16D33C89C6EE44871D47 /* Pods-HackMx.release.xcconfig */,
				A902D6F67845688F21C9EB8E /* Pods-HackMxTests.debug.xcconfig */,
				70B8A2D45D6CE12B57BB961B /* Pods-HackMxTests.release.xcconfig */,
				8708B1638843CE57A1864262 /* Pods-HackMxUITests.debug.xcconfig */,
				E43F5ADE219024078BF07BE1 /* Pods-HackMxUITests.release.xcconfig */,
			);
			path = Pods;
			sourceTree = "<group>";
		};
		BFB254C5F97C7AF9895E502F /* Frameworks */ = {
			isa = PBXGroup;
			children = (
				5E2BD8AB8C48A0740EF63176 /* Pods_HackMx.framework */,
				AC32746E62BE2B49A70C80E2 /* Pods_HackMxTests.framework */,
				06F95A17BE818919455818CC /* Pods_HackMxUITests.framework */,
			);
			name = Frameworks;
			sourceTree = "<group>";
		};
		E5F554992274B1EF00A70CF6 = {
			isa = PBXGroup;
			children = (
				E5F554A42274B1EF00A70CF6 /* HackMx */,
				E5F554B92274B1F100A70CF6 /* HackMxTests */,
				E5F554C42274B1F100A70CF6 /* HackMxUITests */,
				E5F554A32274B1EF00A70CF6 /* Products */,
				7FDCCEF84E48C38924DDA919 /* Pods */,
				BFB254C5F97C7AF9895E502F /* Frameworks */,
			);
			sourceTree = "<group>";
		};
		E5F554A32274B1EF00A70CF6 /* Products */ = {
			isa = PBXGroup;
			children = (
				E5F554A22274B1EF00A70CF6 /* HackMx.app */,
				E5F554B62274B1F100A70CF6 /* HackMxTests.xctest */,
				E5F554C12274B1F100A70CF6 /* HackMxUITests.xctest */,
			);
			name = Products;
			sourceTree = "<group>";
		};
		E5F554A42274B1EF00A70CF6 /* HackMx */ = {
			isa = PBXGroup;
			children = (
				E5F554A52274B1EF00A70CF6 /* AppDelegate.swift */,
				E5F554A72274B1EF00A70CF6 /* ViewController.swift */,
				E5F554AC2274B1F000A70CF6 /* Assets.xcassets */,
				E5F554D72274C23D00A70CF6 /* Main.storyboard */,
				E5F554AE2274B1F000A70CF6 /* LaunchScreen.storyboard */,
				E5F554DA2274E46E00A70CF6 /* shaders.metal */,
				E5F554DC2274F48D00A70CF6 /* SCNGeometry+Extensions.swift */,
				E5F554DD2274F48D00A70CF6 /* SCNPathNode.swift */,
				E5F554DE2274F48E00A70CF6 /* SCNVector3+Extensions.swift */,
				E5F554D32274BCA400A70CF6 /* GoogleService-Info.plist */,
				E5F554B12274B1F000A70CF6 /* Info.plist */,
			);
			path = HackMx;
			sourceTree = "<group>";
		};
		E5F554B92274B1F100A70CF6 /* HackMxTests */ = {
			isa = PBXGroup;
			children = (
				E5F554BA2274B1F100A70CF6 /* HackMxTests.swift */,
				E5F554BC2274B1F100A70CF6 /* Info.plist */,
			);
			path = HackMxTests;
			sourceTree = "<group>";
		};
		E5F554C42274B1F100A70CF6 /* HackMxUITests */ = {
			isa = PBXGroup;
			children = (
				E5F554C52274B1F100A70CF6 /* HackMxUITests.swift */,
				E5F554C72274B1F100A70CF6 /* Info.plist */,
			);
			path = HackMxUITests;
			sourceTree = "<group>";
		};
/* End PBXGroup section */

/* Begin PBXNativeTarget section */
		E5F554A12274B1EF00A70CF6 /* HackMx */ = {
			isa = PBXNativeTarget;
			buildConfigurationList = E5F554CA2274B1F100A70CF6 /* Build configuration list for PBXNativeTarget "HackMx" */;
			buildPhases = (
				F4C080369719604C7F2D6AA5 /* [CP] Check Pods Manifest.lock */,
				E5F5549E2274B1EF00A70CF6 /* Sources */,
				E5F5549F2274B1EF00A70CF6 /* Frameworks */,
				E5F554A02274B1EF00A70CF6 /* Resources */,
				E3649D2220B0B04C45CB61DC /* [CP] Embed Pods Frameworks */,
			);
			buildRules = (
			);
			dependencies = (
			);
			name = HackMx;
			productName = HackMx;
			productReference = E5F554A22274B1EF00A70CF6 /* HackMx.app */;
			productType = "com.apple.product-type.application";
		};
		E5F554B52274B1F100A70CF6 /* HackMxTests */ = {
			isa = PBXNativeTarget;
			buildConfigurationList = E5F554CD2274B1F100A70CF6 /* Build configuration list for PBXNativeTarget "HackMxTests" */;
			buildPhases = (
				C686CEF83657A6903440466A /* [CP] Check Pods Manifest.lock */,
				E5F554B22274B1F100A70CF6 /* Sources */,
				E5F554B32274B1F100A70CF6 /* Frameworks */,
				E5F554B42274B1F100A70CF6 /* Resources */,
			);
			buildRules = (
			);
			dependencies = (
				E5F554B82274B1F100A70CF6 /* PBXTargetDependency */,
			);
			name = HackMxTests;
			productName = HackMxTests;
			productReference = E5F554B62274B1F100A70CF6 /* HackMxTests.xctest */;
			productType = "com.apple.product-type.bundle.unit-test";
		};
		E5F554C02274B1F100A70CF6 /* HackMxUITests */ = {
			isa = PBXNativeTarget;
			buildConfigurationList = E5F554D02274B1F100A70CF6 /* Build configuration list for PBXNativeTarget "HackMxUITests" */;
			buildPhases = (
				6E791FAECE6AACFADB3BCB74 /* [CP] Check Pods Manifest.lock */,
				E5F554BD2274B1F100A70CF6 /* Sources */,
				E5F554BE2274B1F100A70CF6 /* Frameworks */,
				E5F554BF2274B1F100A70CF6 /* Resources */,
			);
			buildRules = (
			);
			dependencies = (
				E5F554C32274B1F100A70CF6 /* PBXTargetDependency */,
			);
			name = HackMxUITests;
			productName = HackMxUITests;
			productReference = E5F554C12274B1F100A70CF6 /* HackMxUITests.xctest */;
			productType = "com.apple.product-type.bundle.ui-testing";
		};
/* End PBXNativeTarget section */

/* Begin PBXProject section */
		E5F5549A2274B1EF00A70CF6 /* Project object */ = {
			isa = PBXProject;
			attributes = {
				LastSwiftUpdateCheck = 1010;
				LastUpgradeCheck = 1010;
				ORGANIZATIONNAME = Servebeer;
				TargetAttributes = {
					E5F554A12274B1EF00A70CF6 = {
						CreatedOnToolsVersion = 10.1;
					};
					E5F554B52274B1F100A70CF6 = {
						CreatedOnToolsVersion = 10.1;
						TestTargetID = E5F554A12274B1EF00A70CF6;
					};
					E5F554C02274B1F100A70CF6 = {
						CreatedOnToolsVersion = 10.1;
						TestTargetID = E5F554A12274B1EF00A70CF6;
					};
				};
			};
			buildConfigurationList = E5F5549D2274B1EF00A70CF6 /* Build configuration list for PBXProject "HackMx" */;
			compatibilityVersion = "Xcode 9.3";
			developmentRegion = en;
			hasScannedForEncodings = 0;
			knownRegions = (
				en,
				Base,
			);
			mainGroup = E5F554992274B1EF00A70CF6;
			productRefGroup = E5F554A32274B1EF00A70CF6 /* Products */;
			projectDirPath = "";
			projectRoot = "";
			targets = (
				E5F554A12274B1EF00A70CF6 /* HackMx */,
				E5F554B52274B1F100A70CF6 /* HackMxTests */,
				E5F554C02274B1F100A70CF6 /* HackMxUITests */,
			);
		};
/* End PBXProject section */

/* Begin PBXResourcesBuildPhase section */
		E5F554A02274B1EF00A70CF6 /* Resources */ = {
			isa = PBXResourcesBuildPhase;
			buildActionMask = 2147483647;
			files = (
				E5F554B02274B1F000A70CF6 /* LaunchScreen.storyboard in Resources */,
				E5F554D42274BCA400A70CF6 /* GoogleService-Info.plist in Resources */,
				E5F554AD2274B1F000A70CF6 /* Assets.xcassets in Resources */,
				E5F554D92274C23E00A70CF6 /* Main.storyboard in Resources */,
			);
			runOnlyForDeploymentPostprocessing = 0;
		};
		E5F554B42274B1F100A70CF6 /* Resources */ = {
			isa = PBXResourcesBuildPhase;
			buildActionMask = 2147483647;
			files = (
			);
			runOnlyForDeploymentPostprocessing = 0;
		};
		E5F554BF2274B1F100A70CF6 /* Resources */ = {
			isa = PBXResourcesBuildPhase;
			buildActionMask = 2147483647;
			files = (
			);
			runOnlyForDeploymentPostprocessing = 0;
		};
/* End PBXResourcesBuildPhase section */

/* Begin PBXShellScriptBuildPhase section */
		6E791FAECE6AACFADB3BCB74 /* [CP] Check Pods Manifest.lock */ = {
			isa = PBXShellScriptBuildPhase;
			buildActionMask = 2147483647;
			files = (
			);
			inputFileListPaths = (
			);
			inputPaths = (
				"${PODS_PODFILE_DIR_PATH}/Podfile.lock",
				"${PODS_ROOT}/Manifest.lock",
			);
			name = "[CP] Check Pods Manifest.lock";
			outputFileListPaths = (
			);
			outputPaths = (
				"$(DERIVED_FILE_DIR)/Pods-HackMxUITests-checkManifestLockResult.txt",
			);
			runOnlyForDeploymentPostprocessing = 0;
			shellPath = /bin/sh;
			shellScript = "diff \"${PODS_PODFILE_DIR_PATH}/Podfile.lock\" \"${PODS_ROOT}/Manifest.lock\" > /dev/null\nif [ $? != 0 ] ; then\n    # print error to STDERR\n    echo \"error: The sandbox is not in sync with the Podfile.lock. Run 'pod install' or update your CocoaPods installation.\" >&2\n    exit 1\nfi\n# This output is used by Xcode 'outputs' to avoid re-running this script phase.\necho \"SUCCESS\" > \"${SCRIPT_OUTPUT_FILE_0}\"\n";
			showEnvVarsInLog = 0;
		};
		C686CEF83657A6903440466A /* [CP] Check Pods Manifest.lock */ = {
			isa = PBXShellScriptBuildPhase;
			buildActionMask = 2147483647;
			files = (
			);
			inputFileListPaths = (
			);
			inputPaths = (
				"${PODS_PODFILE_DIR_PATH}/Podfile.lock",
				"${PODS_ROOT}/Manifest.lock",
			);
			name = "[CP] Check Pods Manifest.lock";
			outputFileListPaths = (
			);
			outputPaths = (
				"$(DERIVED_FILE_DIR)/Pods-HackMxTests-checkManifestLockResult.txt",
			);
			runOnlyForDeploymentPostprocessing = 0;
			shellPath = /bin/sh;
			shellScript = "diff \"${PODS_PODFILE_DIR_PATH}/Podfile.lock\" \"${PODS_ROOT}/Manifest.lock\" > /dev/null\nif [ $? != 0 ] ; then\n    # print error to STDERR\n    echo \"error: The sandbox is not in sync with the Podfile.lock. Run 'pod install' or update your CocoaPods installation.\" >&2\n    exit 1\nfi\n# This output is used by Xcode 'outputs' to avoid re-running this script phase.\necho \"SUCCESS\" > \"${SCRIPT_OUTPUT_FILE_0}\"\n";
			showEnvVarsInLog = 0;
		};
		E3649D2220B0B04C45CB61DC /* [CP] Embed Pods Frameworks */ = {
			isa = PBXShellScriptBuildPhase;
			buildActionMask = 2147483647;
			files = (
			);
			inputFileListPaths = (
			);
			inputPaths = (
				"${PODS_ROOT}/Target Support Files/Pods-HackMx/Pods-HackMx-frameworks.sh",
				"${BUILT_PRODUCTS_DIR}/ARCL/ARCL.framework",
				"${BUILT_PRODUCTS_DIR}/GoogleUtilities/GoogleUtilities.framework",
				"${BUILT_PRODUCTS_DIR}/nanopb/nanopb.framework",
			);
			name = "[CP] Embed Pods Frameworks";
			outputFileListPaths = (
			);
			outputPaths = (
				"${TARGET_BUILD_DIR}/${FRAMEWORKS_FOLDER_PATH}/ARCL.framework",
				"${TARGET_BUILD_DIR}/${FRAMEWORKS_FOLDER_PATH}/GoogleUtilities.framework",
				"${TARGET_BUILD_DIR}/${FRAMEWORKS_FOLDER_PATH}/nanopb.framework",
			);
			runOnlyForDeploymentPostprocessing = 0;
			shellPath = /bin/sh;
			shellScript = "\"${PODS_ROOT}/Target Support Files/Pods-HackMx/Pods-HackMx-frameworks.sh\"\n";
			showEnvVarsInLog = 0;
		};
		F4C080369719604C7F2D6AA5 /* [CP] Check Pods Manifest.lock */ = {
			isa = PBXShellScriptBuildPhase;
			buildActionMask = 2147483647;
			files = (
			);
			inputFileListPaths = (
			);
			inputPaths = (
				"${PODS_PODFILE_DIR_PATH}/Podfile.lock",
				"${PODS_ROOT}/Manifest.lock",
			);
			name = "[CP] Check Pods Manifest.lock";
			outputFileListPaths = (
			);
			outputPaths = (
				"$(DERIVED_FILE_DIR)/Pods-HackMx-checkManifestLockResult.txt",
			);
			runOnlyForDeploymentPostprocessing = 0;
			shellPath = /bin/sh;
			shellScript = "diff \"${PODS_PODFILE_DIR_PATH}/Podfile.lock\" \"${PODS_ROOT}/Manifest.lock\" > /dev/null\nif [ $? != 0 ] ; then\n    # print error to STDERR\n    echo \"error: The sandbox is not in sync with the Podfile.lock. Run 'pod install' or update your CocoaPods installation.\" >&2\n    exit 1\nfi\n# This output is used by Xcode 'outputs' to avoid re-running this script phase.\necho \"SUCCESS\" > \"${SCRIPT_OUTPUT_FILE_0}\"\n";
			showEnvVarsInLog = 0;
		};
/* End PBXShellScriptBuildPhase section */

/* Begin PBXSourcesBuildPhase section */
		E5F5549E2274B1EF00A70CF6 /* Sources */ = {
			isa = PBXSourcesBuildPhase;
			buildActionMask = 2147483647;
			files = (
				E5F554A82274B1EF00A70CF6 /* ViewController.swift in Sources */,
				E5F554E12274F48E00A70CF6 /* SCNVector3+Extensions.swift in Sources */,
				E5F554A62274B1EF00A70CF6 /* AppDelegate.swift in Sources */,
				E5F554DF2274F48E00A70CF6 /* SCNGeometry+Extensions.swift in Sources */,
				E5F554DB2274E46E00A70CF6 /* shaders.metal in Sources */,
				E5F554E02274F48E00A70CF6 /* SCNPathNode.swift in Sources */,
			);
			runOnlyForDeploymentPostprocessing = 0;
		};
		E5F554B22274B1F100A70CF6 /* Sources */ = {
			isa = PBXSourcesBuildPhase;
			buildActionMask = 2147483647;
			files = (
				E5F554BB2274B1F100A70CF6 /* HackMxTests.swift in Sources */,
			);
			runOnlyForDeploymentPostprocessing = 0;
		};
		E5F554BD2274B1F100A70CF6 /* Sources */ = {
			isa = PBXSourcesBuildPhase;
			buildActionMask = 2147483647;
			files = (
				E5F554C62274B1F100A70CF6 /* HackMxUITests.swift in Sources */,
			);
			runOnlyForDeploymentPostprocessing = 0;
		};
/* End PBXSourcesBuildPhase section */

/* Begin PBXTargetDependency section */
		E5F554B82274B1F100A70CF6 /* PBXTargetDependency */ = {
			isa = PBXTargetDependency;
			target = E5F554A12274B1EF00A70CF6 /* HackMx */;
			targetProxy = E5F554B72274B1F100A70CF6 /* PBXContainerItemProxy */;
		};
		E5F554C32274B1F100A70CF6 /* PBXTargetDependency */ = {
			isa = PBXTargetDependency;
			target = E5F554A12274B1EF00A70CF6 /* HackMx */;
			targetProxy = E5F554C22274B1F100A70CF6 /* PBXContainerItemProxy */;
		};
/* End PBXTargetDependency section */

/* Begin PBXVariantGroup section */
		E5F554AE2274B1F000A70CF6 /* LaunchScreen.storyboard */ = {
			isa = PBXVariantGroup;
			children = (
				E5F554AF2274B1F000A70CF6 /* Base */,
			);
			name = LaunchScreen.storyboard;
			sourceTree = "<group>";
		};
		E5F554D72274C23D00A70CF6 /* Main.storyboard */ = {
			isa = PBXVariantGroup;
			children = (
				E5F554D82274C23D00A70CF6 /* Base */,
			);
			name = Main.storyboard;
			sourceTree = "<group>";
		};
/* End PBXVariantGroup section */

/* Begin XCBuildConfiguration section */
		E5F554C82274B1F100A70CF6 /* Debug */ = {
			isa = XCBuildConfiguration;
			buildSettings = {
				ALWAYS_SEARCH_USER_PATHS = NO;
				CLANG_ANALYZER_NONNULL = YES;
				CLANG_ANALYZER_NUMBER_OBJECT_CONVERSION = YES_AGGRESSIVE;
				CLANG_CXX_LANGUAGE_STANDARD = "gnu++14";
				CLANG_CXX_LIBRARY = "libc++";
				CLANG_ENABLE_MODULES = YES;
				CLANG_ENABLE_OBJC_ARC = YES;
				CLANG_ENABLE_OBJC_WEAK = YES;
				CLANG_WARN_BLOCK_CAPTURE_AUTORELEASING = YES;
				CLANG_WARN_BOOL_CONVERSION = YES;
				CLANG_WARN_COMMA = YES;
				CLANG_WARN_CONSTANT_CONVERSION = YES;
				CLANG_WARN_DEPRECATED_OBJC_IMPLEMENTATIONS = YES;
				CLANG_WARN_DIRECT_OBJC_ISA_USAGE = YES_ERROR;
				CLANG_WARN_DOCUMENTATION_COMMENTS = YES;
				CLANG_WARN_EMPTY_BODY = YES;
				CLANG_WARN_ENUM_CONVERSION = YES;
				CLANG_WARN_INFINITE_RECURSION = YES;
				CLANG_WARN_INT_CONVERSION = YES;
				CLANG_WARN_NON_LITERAL_NULL_CONVERSION = YES;
				CLANG_WARN_OBJC_IMPLICIT_RETAIN_SELF = YES;
				CLANG_WARN_OBJC_LITERAL_CONVERSION = YES;
				CLANG_WARN_OBJC_ROOT_CLASS = YES_ERROR;
				CLANG_WARN_RANGE_LOOP_ANALYSIS = YES;
				CLANG_WARN_STRICT_PROTOTYPES = YES;
				CLANG_WARN_SUSPICIOUS_MOVE = YES;
				CLANG_WARN_UNGUARDED_AVAILABILITY = YES_AGGRESSIVE;
				CLANG_WARN_UNREACHABLE_CODE = YES;
				CLANG_WARN__DUPLICATE_METHOD_MATCH = YES;
				CODE_SIGN_IDENTITY = "iPhone Developer";
				COPY_PHASE_STRIP = NO;
				DEBUG_INFORMATION_FORMAT = dwarf;
				ENABLE_STRICT_OBJC_MSGSEND = YES;
				ENABLE_TESTABILITY = YES;
				GCC_C_LANGUAGE_STANDARD = gnu11;
				GCC_DYNAMIC_NO_PIC = NO;
				GCC_NO_COMMON_BLOCKS = YES;
				GCC_OPTIMIZATION_LEVEL = 0;
				GCC_PREPROCESSOR_DEFINITIONS = (
					"DEBUG=1",
					"$(inherited)",
				);
				GCC_WARN_64_TO_32_BIT_CONVERSION = YES;
				GCC_WARN_ABOUT_RETURN_TYPE = YES_ERROR;
				GCC_WARN_UNDECLARED_SELECTOR = YES;
				GCC_WARN_UNINITIALIZED_AUTOS = YES_AGGRESSIVE;
				GCC_WARN_UNUSED_FUNCTION = YES;
				GCC_WARN_UNUSED_VARIABLE = YES;
				IPHONEOS_DEPLOYMENT_TARGET = 12.1;
				MTL_ENABLE_DEBUG_INFO = INCLUDE_SOURCE;
				MTL_FAST_MATH = YES;
				ONLY_ACTIVE_ARCH = YES;
				SDKROOT = iphoneos;
				SWIFT_ACTIVE_COMPILATION_CONDITIONS = DEBUG;
				SWIFT_OPTIMIZATION_LEVEL = "-Onone";
			};
			name = Debug;
		};
		E5F554C92274B1F100A70CF6 /* Release */ = {
			isa = XCBuildConfiguration;
			buildSettings = {
				ALWAYS_SEARCH_USER_PATHS = NO;
				CLANG_ANALYZER_NONNULL = YES;
				CLANG_ANALYZER_NUMBER_OBJECT_CONVERSION = YES_AGGRESSIVE;
				CLANG_CXX_LANGUAGE_STANDARD = "gnu++14";
				CLANG_CXX_LIBRARY = "libc++";
				CLANG_ENABLE_MODULES = YES;
				CLANG_ENABLE_OBJC_ARC = YES;
				CLANG_ENABLE_OBJC_WEAK = YES;
				CLANG_WARN_BLOCK_CAPTURE_AUTORELEASING = YES;
				CLANG_WARN_BOOL_CONVERSION = YES;
				CLANG_WARN_COMMA = YES;
				CLANG_WARN_CONSTANT_CONVERSION = YES;
				CLANG_WARN_DEPRECATED_OBJC_IMPLEMENTATIONS = YES;
				CLANG_WARN_DIRECT_OBJC_ISA_USAGE = YES_ERROR;
				CLANG_WARN_DOCUMENTATION_COMMENTS = YES;
				CLANG_WARN_EMPTY_BODY = YES;
				CLANG_WARN_ENUM_CONVERSION = YES;
				CLANG_WARN_INFINITE_RECURSION = YES;
				CLANG_WARN_INT_CONVERSION = YES;
				CLANG_WARN_NON_LITERAL_NULL_CONVERSION = YES;
				CLANG_WARN_OBJC_IMPLICIT_RETAIN_SELF = YES;
				CLANG_WARN_OBJC_LITERAL_CONVERSION = YES;
				CLANG_WARN_OBJC_ROOT_CLASS = YES_ERROR;
				CLANG_WARN_RANGE_LOOP_ANALYSIS = YES;
				CLANG_WARN_STRICT_PROTOTYPES = YES;
				CLANG_WARN_SUSPICIOUS_MOVE = YES;
				CLANG_WARN_UNGUARDED_AVAILABILITY = YES_AGGRESSIVE;
				CLANG_WARN_UNREACHABLE_CODE = YES;
				CLANG_WARN__DUPLICATE_METHOD_MATCH = YES;
				CODE_SIGN_IDENTITY = "iPhone Developer";
				COPY_PHASE_STRIP = NO;
				DEBUG_INFORMATION_FORMAT = "dwarf-with-dsym";
				ENABLE_NS_ASSERTIONS = NO;
				ENABLE_STRICT_OBJC_MSGSEND = YES;
				GCC_C_LANGUAGE_STANDARD = gnu11;
				GCC_NO_COMMON_BLOCKS = YES;
				GCC_WARN_64_TO_32_BIT_CONVERSION = YES;
				GCC_WARN_ABOUT_RETURN_TYPE = YES_ERROR;
				GCC_WARN_UNDECLARED_SELECTOR = YES;
				GCC_WARN_UNINITIALIZED_AUTOS = YES_AGGRESSIVE;
				GCC_WARN_UNUSED_FUNCTION = YES;
				GCC_WARN_UNUSED_VARIABLE = YES;
				IPHONEOS_DEPLOYMENT_TARGET = 12.1;
				MTL_ENABLE_DEBUG_INFO = NO;
				MTL_FAST_MATH = YES;
				SDKROOT = iphoneos;
				SWIFT_COMPILATION_MODE = wholemodule;
				SWIFT_OPTIMIZATION_LEVEL = "-O";
				VALIDATE_PRODUCT = YES;
			};
			name = Release;
		};
		E5F554CB2274B1F100A70CF6 /* Debug */ = {
			isa = XCBuildConfiguration;
			baseConfigurationReference = 6196AA7009368A477E08B1E2 /* Pods-HackMx.debug.xcconfig */;
			buildSettings = {
				ASSETCATALOG_COMPILER_APPICON_NAME = AppIcon;
				CODE_SIGN_STYLE = Automatic;
				DEVELOPMENT_TEAM = 5X6WDFAAD3;
				INFOPLIST_FILE = HackMx/Info.plist;
				IPHONEOS_DEPLOYMENT_TARGET = 12.0;
				LD_RUNPATH_SEARCH_PATHS = (
					"$(inherited)",
					"@executable_path/Frameworks",
				);
				PRODUCT_BUNDLE_IDENTIFIER = com.servebeer.peredo.HackMx;
				PRODUCT_NAME = "$(TARGET_NAME)";
				SWIFT_VERSION = 4.2;
				TARGETED_DEVICE_FAMILY = "1,2";
			};
			name = Debug;
		};
		E5F554CC2274B1F100A70CF6 /* Release */ = {
			isa = XCBuildConfiguration;
			baseConfigurationReference = 8C0D16D33C89C6EE44871D47 /* Pods-HackMx.release.xcconfig */;
			buildSettings = {
				ASSETCATALOG_COMPILER_APPICON_NAME = AppIcon;
				CODE_SIGN_STYLE = Automatic;
				DEVELOPMENT_TEAM = 5X6WDFAAD3;
				INFOPLIST_FILE = HackMx/Info.plist;
				IPHONEOS_DEPLOYMENT_TARGET = 12.0;
				LD_RUNPATH_SEARCH_PATHS = (
					"$(inherited)",
					"@executable_path/Frameworks",
				);
				PRODUCT_BUNDLE_IDENTIFIER = com.servebeer.peredo.HackMx;
				PRODUCT_NAME = "$(TARGET_NAME)";
				SWIFT_VERSION = 4.2;
				TARGETED_DEVICE_FAMILY = "1,2";
			};
			name = Release;
		};
		E5F554CE2274B1F100A70CF6 /* Debug */ = {
			isa = XCBuildConfiguration;
			baseConfigurationReference = A902D6F67845688F21C9EB8E /* Pods-HackMxTests.debug.xcconfig */;
			buildSettings = {
				ALWAYS_EMBED_SWIFT_STANDARD_LIBRARIES = YES;
				BUNDLE_LOADER = "$(TEST_HOST)";
				CODE_SIGN_STYLE = Automatic;
				DEVELOPMENT_TEAM = 5X6WDFAAD3;
				INFOPLIST_FILE = HackMxTests/Info.plist;
				LD_RUNPATH_SEARCH_PATHS = (
					"$(inherited)",
					"@executable_path/Frameworks",
					"@loader_path/Frameworks",
				);
				PRODUCT_BUNDLE_IDENTIFIER = com.servebeer.peredo.HackMxTests;
				PRODUCT_NAME = "$(TARGET_NAME)";
				SWIFT_VERSION = 4.2;
				TARGETED_DEVICE_FAMILY = "1,2";
				TEST_HOST = "$(BUILT_PRODUCTS_DIR)/HackMx.app/HackMx";
			};
			name = Debug;
		};
		E5F554CF2274B1F100A70CF6 /* Release */ = {
			isa = XCBuildConfiguration;
			baseConfigurationReference = 70B8A2D45D6CE12B57BB961B /* Pods-HackMxTests.release.xcconfig */;
			buildSettings = {
				ALWAYS_EMBED_SWIFT_STANDARD_LIBRARIES = YES;
				BUNDLE_LOADER = "$(TEST_HOST)";
				CODE_SIGN_STYLE = Automatic;
				DEVELOPMENT_TEAM = 5X6WDFAAD3;
				INFOPLIST_FILE = HackMxTests/Info.plist;
				LD_RUNPATH_SEARCH_PATHS = (
					"$(inherited)",
					"@executable_path/Frameworks",
					"@loader_path/Frameworks",
				);
				PRODUCT_BUNDLE_IDENTIFIER = com.servebeer.peredo.HackMxTests;
				PRODUCT_NAME = "$(TARGET_NAME)";
				SWIFT_VERSION = 4.2;
				TARGETED_DEVICE_FAMILY = "1,2";
				TEST_HOST = "$(BUILT_PRODUCTS_DIR)/HackMx.app/HackMx";
			};
			name = Release;
		};
		E5F554D12274B1F100A70CF6 /* Debug */ = {
			isa = XCBuildConfiguration;
			baseConfigurationReference = 8708B1638843CE57A1864262 /* Pods-HackMxUITests.debug.xcconfig */;
			buildSettings = {
				ALWAYS_EMBED_SWIFT_STANDARD_LIBRARIES = YES;
				CODE_SIGN_STYLE = Automatic;
				DEVELOPMENT_TEAM = 5X6WDFAAD3;
				INFOPLIST_FILE = HackMxUITests/Info.plist;
				LD_RUNPATH_SEARCH_PATHS = (
					"$(inherited)",
					"@executable_path/Frameworks",
					"@loader_path/Frameworks",
				);
				PRODUCT_BUNDLE_IDENTIFIER = com.servebeer.peredo.HackMxUITests;
				PRODUCT_NAME = "$(TARGET_NAME)";
				SWIFT_VERSION = 4.2;
				TARGETED_DEVICE_FAMILY = "1,2";
				TEST_TARGET_NAME = HackMx;
			};
			name = Debug;
		};
		E5F554D22274B1F100A70CF6 /* Release */ = {
			isa = XCBuildConfiguration;
			baseConfigurationReference = E43F5ADE219024078BF07BE1 /* Pods-HackMxUITests.release.xcconfig */;
			buildSettings = {
				ALWAYS_EMBED_SWIFT_STANDARD_LIBRARIES = YES;
				CODE_SIGN_STYLE = Automatic;
				DEVELOPMENT_TEAM = 5X6WDFAAD3;
				INFOPLIST_FILE = HackMxUITests/Info.plist;
				LD_RUNPATH_SEARCH_PATHS = (
					"$(inherited)",
					"@executable_path/Frameworks",
					"@loader_path/Frameworks",
				);
				PRODUCT_BUNDLE_IDENTIFIER = com.servebeer.peredo.HackMxUITests;
				PRODUCT_NAME = "$(TARGET_NAME)";
				SWIFT_VERSION = 4.2;
				TARGETED_DEVICE_FAMILY = "1,2";
				TEST_TARGET_NAME = HackMx;
			};
			name = Release;
		};
/* End XCBuildConfiguration section */

/* Begin XCConfigurationList section */
		E5F5549D2274B1EF00A70CF6 /* Build configuration list for PBXProject "HackMx" */ = {
			isa = XCConfigurationList;
			buildConfigurations = (
				E5F554C82274B1F100A70CF6 /* Debug */,
				E5F554C92274B1F100A70CF6 /* Release */,
			);
			defaultConfigurationIsVisible = 0;
			defaultConfigurationName = Release;
		};
		E5F554CA2274B1F100A70CF6 /* Build configuration list for PBXNativeTarget "HackMx" */ = {
			isa = XCConfigurationList;
			buildConfigurations = (
				E5F554CB2274B1F100A70CF6 /* Debug */,
				E5F554CC2274B1F100A70CF6 /* Release */,
			);
			defaultConfigurationIsVisible = 0;
			defaultConfigurationName = Release;
		};
		E5F554CD2274B1F100A70CF6 /* Build configuration list for PBXNativeTarget "HackMxTests" */ = {
			isa = XCConfigurationList;
			buildConfigurations = (
				E5F554CE2274B1F100A70CF6 /* Debug */,
				E5F554CF2274B1F100A70CF6 /* Release */,
			);
			defaultConfigurationIsVisible = 0;
			defaultConfigurationName = Release;
		};
		E5F554D02274B1F100A70CF6 /* Build configuration list for PBXNativeTarget "HackMxUITests" */ = {
			isa = XCConfigurationList;
			buildConfigurations = (
				E5F554D12274B1F100A70CF6 /* Debug */,
				E5F554D22274B1F100A70CF6 /* Release */,
			);
			defaultConfigurationIsVisible = 0;
			defaultConfigurationName = Release;
		};
/* End XCConfigurationList section */
	};
	rootObject = E5F5549A2274B1EF00A70CF6 /* Project object */;
}
